
Microsoft Visual Studio Solution File, Format Version 12.00
# Visual Studio Version 16
VisualStudioVersion = 16.0.29306.81
MinimumVisualStudioVersion = 10.0.40219.1
Project("{8BC9CEB8-8B4A-11D0-8D11-00A0C91BC942}") = "nbody", "nbody_vs2019.vcxproj", "{DE70E8EF-407B-4DC6-A466-4D6DEEA0999C}"
EndProject
Global
	GlobalSection(SolutionConfigurationPlatforms) = preSolution
		Debug|x64 = Debug|x64
		Release|x64 = Release|x64
	EndGlobalSection
	GlobalSection(ProjectConfigurationPlatforms) = postSolution
		{DE70E8EF-407B-4DC6-A466-4D6DEEA0999C}.Debug|x64.ActiveCfg = Debug|x64
		{DE70E8EF-407B-4DC6-A466-4D6DEEA0999C}.Debug|x64.Build.0 = Debug|x64
		{DE70E8EF-407B-4DC6-A466-4D6DEEA0999C}.Release|x64.ActiveCfg = Release|x64
		{DE70E8EF-407B-4DC6-A466-4D6DEEA0999C}.Release|x64.Build.0 = Release|x64
	EndGlobalSection
	GlobalSection(SolutionProperties) = preSolution
		HideSolutionNode = FALSE
	EndGlobalSection
	GlobalSection(ExtensibilityGlobals) = postSolution
		SolutionGuid = {7AEC2396-782A-4115-A2C0-C2D83EAC0B05}
	EndGlobalSection
EndGlobal
