
Microsoft Visual Studio Solution File, Format Version 12.00
# Visual Studio Version 16
VisualStudioVersion = 16.0.29306.81
MinimumVisualStudioVersion = 10.0.40219.1
Project("{8BC9CEB8-8B4A-11D0-8D11-00A0C91BC942}") = "matrixMul", "matrixMul_vs2019.vcxproj", "{E1C75293-1D50-4075-AAA5-D1B8C9C2837B}"
EndProject
Global
	GlobalSection(SolutionConfigurationPlatforms) = preSolution
		Debug|x64 = Debug|x64
		Release|x64 = Release|x64
	EndGlobalSection
	GlobalSection(ProjectConfigurationPlatforms) = postSolution
		{E1C75293-1D50-4075-AAA5-D1B8C9C2837B}.Debug|x64.ActiveCfg = Debug|x64
		{E1C75293-1D50-4075-AAA5-D1B8C9C2837B}.Debug|x64.Build.0 = Debug|x64
		{E1C75293-1D50-4075-AAA5-D1B8C9C2837B}.Release|x64.ActiveCfg = Release|x64
		{E1C75293-1D50-4075-AAA5-D1B8C9C2837B}.Release|x64.Build.0 = Release|x64
	EndGlobalSection
	GlobalSection(SolutionProperties) = preSolution
		HideSolutionNode = FALSE
	EndGlobalSection
	GlobalSection(ExtensibilityGlobals) = postSolution
		SolutionGuid = {0508D799-2C40-4D06-AFB9-691B4EB1C0E8}
	EndGlobalSection
EndGlobal
