
Microsoft Visual Studio Solution File, Format Version 12.00
# Visual Studio Version 16
VisualStudioVersion = 16.0.29306.81
MinimumVisualStudioVersion = 10.0.40219.1
Project("{8BC9CEB8-8B4A-11D0-8D11-00A0C91BC942}") = "simpleGL", "simpleGL_vs2019.vcxproj", "{CD4AB2EC-BA07-4072-8F5B-520BF3E90B66}"
EndProject
Global
	GlobalSection(SolutionConfigurationPlatforms) = preSolution
		Debug|x64 = Debug|x64
		Release|x64 = Release|x64
	EndGlobalSection
	GlobalSection(ProjectConfigurationPlatforms) = postSolution
		{CD4AB2EC-BA07-4072-8F5B-520BF3E90B66}.Debug|x64.ActiveCfg = Debug|x64
		{CD4AB2EC-BA07-4072-8F5B-520BF3E90B66}.Debug|x64.Build.0 = Debug|x64
		{CD4AB2EC-BA07-4072-8F5B-520BF3E90B66}.Release|x64.ActiveCfg = Release|x64
		{CD4AB2EC-BA07-4072-8F5B-520BF3E90B66}.Release|x64.Build.0 = Release|x64
	EndGlobalSection
	GlobalSection(SolutionProperties) = preSolution
		HideSolutionNode = FALSE
	EndGlobalSection
	GlobalSection(ExtensibilityGlobals) = postSolution
		SolutionGuid = {57667EEC-DC07-4991-AAE7-868693EBE1B2}
	EndGlobalSection
EndGlobal
