
Microsoft Visual Studio Solution File, Format Version 12.00
# Visual Studio Version 16
VisualStudioVersion = 16.0.29306.81
MinimumVisualStudioVersion = 10.0.40219.1
Project("{8BC9CEB8-8B4A-11D0-8D11-00A0C91BC942}") = "MonteCarloMultiGPU", "MonteCarloMultiGPU_vs2019.vcxproj", "{958AE852-82CE-4F2F-A944-0C9647DE7B50}"
EndProject
Global
	GlobalSection(SolutionConfigurationPlatforms) = preSolution
		Debug|x64 = Debug|x64
		Release|x64 = Release|x64
	EndGlobalSection
	GlobalSection(ProjectConfigurationPlatforms) = postSolution
		{958AE852-82CE-4F2F-A944-0C9647DE7B50}.Debug|x64.ActiveCfg = Debug|x64
		{958AE852-82CE-4F2F-A944-0C9647DE7B50}.Debug|x64.Build.0 = Debug|x64
		{958AE852-82CE-4F2F-A944-0C9647DE7B50}.Release|x64.ActiveCfg = Release|x64
		{958AE852-82CE-4F2F-A944-0C9647DE7B50}.Release|x64.Build.0 = Release|x64
	EndGlobalSection
	GlobalSection(SolutionProperties) = preSolution
		HideSolutionNode = FALSE
	EndGlobalSection
	GlobalSection(ExtensibilityGlobals) = postSolution
		SolutionGuid = {A4C137A1-BEA1-4652-8CDD-80B55FA96511}
	EndGlobalSection
EndGlobal
